
Microsoft Visual Studio Solution File, Format Version 12.00
Project("{FAE04EC0-301F-11D3-BF4B-00C04F79EFBC}") = "RateLimit", "RateLimit\RateLimit.csproj", "{D43BF43A-CA8A-4EB5-9C4C-F85BCB9F52A9}"
EndProject
Global
	GlobalSection(SolutionConfigurationPlatforms) = preSolution
		Debug|Any CPU = Debug|Any CPU
		Release|Any CPU = Release|Any CPU
	EndGlobalSection
	GlobalSection(ProjectConfigurationPlatforms) = postSolution
		{D43BF43A-CA8A-4EB5-9C4C-F85BCB9F52A9}.Debug|Any CPU.ActiveCfg = Debug|Any CPU
		{D43BF43A-CA8A-4EB5-9C4C-F85BCB9F52A9}.Debug|Any CPU.Build.0 = Debug|Any CPU
		{D43BF43A-CA8A-4EB5-9C4C-F85BCB9F52A9}.Release|Any CPU.ActiveCfg = Release|Any CPU
		{D43BF43A-CA8A-4EB5-9C4C-F85BCB9F52A9}.Release|Any CPU.Build.0 = Release|Any CPU
	EndGlobalSection
EndGlobal
